// !$*UTF8*$!
{
	archiveVersion = 1;
	classes = {
	};
	objectVersion = 56;
	objects = {

/* Begin PBXBuildFile section */
		410423E52A7D053C00606F6A /* CarPlaySceneDelegate.swift in Sources */ = {isa = PBXBuildFile; fileRef = 410423E42A7D053C00606F6A /* CarPlaySceneDelegate.swift */; };
		410F5209299A74DD000D2390 /* SDK_SampleApp.swift in Sources */ = {isa = PBXBuildFile; fileRef = 410F5208299A74DD000D2390 /* SDK_SampleApp.swift */; };
		410F520B299A74DD000D2390 /* ContentView.swift in Sources */ = {isa = PBXBuildFile; fileRef = 410F520A299A74DD000D2390 /* ContentView.swift */; };
		410F520D299A74DF000D2390 /* Assets.xcassets in Resources */ = {isa = PBXBuildFile; fileRef = 410F520C299A74DF000D2390 /* Assets.xcassets */; };
		410F5210299A74DF000D2390 /* Preview Assets.xcassets in Resources */ = {isa = PBXBuildFile; fileRef = 410F520F299A74DF000D2390 /* Preview Assets.xcassets */; };
		4143954F29FACAEE003CF195 /* ViewModel.swift in Sources */ = {isa = PBXBuildFile; fileRef = 4143954E29FACAEE003CF195 /* ViewModel.swift */; };
		FDD24AA9B015AEF997BA8BB6 /* Pods_SDK_Sample.framework in Frameworks */ = {isa = PBXBuildFile; fileRef = B76EBBE0BD1F076FC1518946 /* Pods_SDK_Sample.framework */; };
/* End PBXBuildFile section */

/* Begin PBXFileReference section */
		06D89C6634438D3D23E16D0E /* Pods-Workspace-SDK-Sample.debug.xcconfig */ = {isa = PBXFileReference; includeInIndex = 1; lastKnownFileType = text.xcconfig; name = "Pods-Workspace-SDK-Sample.debug.xcconfig"; path = "Target Support Files/Pods-Workspace-SDK-Sample/Pods-Workspace-SDK-Sample.debug.xcconfig"; sourceTree = "<group>"; };
		410423DE2A7CFFAE00606F6A /* SaootiSDK.framework */ = {isa = PBXFileReference; explicitFileType = wrapper.framework; path = SaootiSDK.framework; sourceTree = BUILT_PRODUCTS_DIR; };
		410423E42A7D053C00606F6A /* CarPlaySceneDelegate.swift */ = {isa = PBXFileReference; lastKnownFileType = sourcecode.swift; path = CarPlaySceneDelegate.swift; sourceTree = "<group>"; };
		410F5205299A74DD000D2390 /* SDK-Sample.app */ = {isa = PBXFileReference; explicitFileType = wrapper.application; includeInIndex = 0; path = "SDK-Sample.app"; sourceTree = BUILT_PRODUCTS_DIR; };
		410F5208299A74DD000D2390 /* SDK_SampleApp.swift */ = {isa = PBXFileReference; lastKnownFileType = sourcecode.swift; path = SDK_SampleApp.swift; sourceTree = "<group>"; };
		410F520A299A74DD000D2390 /* ContentView.swift */ = {isa = PBXFileReference; lastKnownFileType = sourcecode.swift; path = ContentView.swift; sourceTree = "<group>"; };
		410F520C299A74DF000D2390 /* Assets.xcassets */ = {isa = PBXFileReference; lastKnownFileType = folder.assetcatalog; path = Assets.xcassets; sourceTree = "<group>"; };
		410F520F299A74DF000D2390 /* Preview Assets.xcassets */ = {isa = PBXFileReference; lastKnownFileType = folder.assetcatalog; path = "Preview Assets.xcassets"; sourceTree = "<group>"; };
		4143954E29FACAEE003CF195 /* ViewModel.swift */ = {isa = PBXFileReference; lastKnownFileType = sourcecode.swift; path = ViewModel.swift; sourceTree = "<group>"; };
		41E0A7C529EED888006DB6DD /* SDK-Sample.entitlements */ = {isa = PBXFileReference; lastKnownFileType = text.plist.entitlements; path = "SDK-Sample.entitlements"; sourceTree = "<group>"; };
		41E0A7C629EED8B6006DB6DD /* Info.plist */ = {isa = PBXFileReference; lastKnownFileType = text.plist; path = Info.plist; sourceTree = "<group>"; };
		8D2CFD894FC387847A597521 /* Pods-Workspace-SDK-Sample.release.xcconfig */ = {isa = PBXFileReference; includeInIndex = 1; lastKnownFileType = text.xcconfig; name = "Pods-Workspace-SDK-Sample.release.xcconfig"; path = "Target Support Files/Pods-Workspace-SDK-Sample/Pods-Workspace-SDK-Sample.release.xcconfig"; sourceTree = "<group>"; };
		9EC859A8067ECDF3568FB526 /* Pods-SDK-Sample.debug.xcconfig */ = {isa = PBXFileReference; includeInIndex = 1; lastKnownFileType = text.xcconfig; name = "Pods-SDK-Sample.debug.xcconfig"; path = "Target Support Files/Pods-SDK-Sample/Pods-SDK-Sample.debug.xcconfig"; sourceTree = "<group>"; };
		B76EBBE0BD1F076FC1518946 /* Pods_SDK_Sample.framework */ = {isa = PBXFileReference; explicitFileType = wrapper.framework; includeInIndex = 0; path = Pods_SDK_Sample.framework; sourceTree = BUILT_PRODUCTS_DIR; };
		D20B6F57638F71946F316C3E /* Pods-SDK-Sample.release.xcconfig */ = {isa = PBXFileReference; includeInIndex = 1; lastKnownFileType = text.xcconfig; name = "Pods-SDK-Sample.release.xcconfig"; path = "Target Support Files/Pods-SDK-Sample/Pods-SDK-Sample.release.xcconfig"; sourceTree = "<group>"; };
/* End PBXFileReference section */

/* Begin PBXFrameworksBuildPhase section */
		410F5202299A74DD000D2390 /* Frameworks */ = {
			isa = PBXFrameworksBuildPhase;
			buildActionMask = 2147483647;
			files = (
				FDD24AA9B015AEF997BA8BB6 /* Pods_SDK_Sample.framework in Frameworks */,
			);
			runOnlyForDeploymentPostprocessing = 0;
		};
/* End PBXFrameworksBuildPhase section */

/* Begin PBXGroup section */
		40732BCB478656ED7CF5E1F9 /* Pods */ = {
			isa = PBXGroup;
			children = (
				9EC859A8067ECDF3568FB526 /* Pods-SDK-Sample.debug.xcconfig */,
				D20B6F57638F71946F316C3E /* Pods-SDK-Sample.release.xcconfig */,
				06D89C6634438D3D23E16D0E /* Pods-Workspace-SDK-Sample.debug.xcconfig */,
				8D2CFD894FC387847A597521 /* Pods-Workspace-SDK-Sample.release.xcconfig */,
			);
			path = Pods;
			sourceTree = "<group>";
		};
		410423E22A7D04FB00606F6A /* UI */ = {
			isa = PBXGroup;
			children = (
				410F520A299A74DD000D2390 /* ContentView.swift */,
				4143954E29FACAEE003CF195 /* ViewModel.swift */,
			);
			path = UI;
			sourceTree = "<group>";
		};
		410423E32A7D052500606F6A /* CarPlay */ = {
			isa = PBXGroup;
			children = (
				410423E42A7D053C00606F6A /* CarPlaySceneDelegate.swift */,
			);
			path = CarPlay;
			sourceTree = "<group>";
		};
		410F51FC299A74DD000D2390 = {
			isa = PBXGroup;
			children = (
				410F5207299A74DD000D2390 /* SDK-Sample */,
				410F5206299A74DD000D2390 /* Products */,
				410F5216299A750F000D2390 /* Frameworks */,
				40732BCB478656ED7CF5E1F9 /* Pods */,
			);
			sourceTree = "<group>";
		};
		410F5206299A74DD000D2390 /* Products */ = {
			isa = PBXGroup;
			children = (
				410F5205299A74DD000D2390 /* SDK-Sample.app */,
			);
			name = Products;
			sourceTree = "<group>";
		};
		410F5207299A74DD000D2390 /* SDK-Sample */ = {
			isa = PBXGroup;
			children = (
				410F5208299A74DD000D2390 /* SDK_SampleApp.swift */,
				410423E22A7D04FB00606F6A /* UI */,
				410423E32A7D052500606F6A /* CarPlay */,
				41E0A7C629EED8B6006DB6DD /* Info.plist */,
				41E0A7C529EED888006DB6DD /* SDK-Sample.entitlements */,
				410F520C299A74DF000D2390 /* Assets.xcassets */,
				410F520E299A74DF000D2390 /* Preview Content */,
			);
			path = "SDK-Sample";
			sourceTree = "<group>";
		};
		410F520E299A74DF000D2390 /* Preview Content */ = {
			isa = PBXGroup;
			children = (
				410F520F299A74DF000D2390 /* Preview Assets.xcassets */,
			);
			path = "Preview Content";
			sourceTree = "<group>";
		};
		410F5216299A750F000D2390 /* Frameworks */ = {
			isa = PBXGroup;
			children = (
				410423DE2A7CFFAE00606F6A /* SaootiSDK.framework */,
				B76EBBE0BD1F076FC1518946 /* Pods_SDK_Sample.framework */,
			);
			name = Frameworks;
			sourceTree = "<group>";
		};
/* End PBXGroup section */

/* Begin PBXNativeTarget section */
		410F5204299A74DD000D2390 /* SDK-Sample */ = {
			isa = PBXNativeTarget;
			buildConfigurationList = 410F5213299A74DF000D2390 /* Build configuration list for PBXNativeTarget "SDK-Sample" */;
			buildPhases = (
				35CD778D0E5047EFD7C36482 /* [CP] Check Pods Manifest.lock */,
				410F5201299A74DD000D2390 /* Sources */,
				410F5202299A74DD000D2390 /* Frameworks */,
				410F5203299A74DD000D2390 /* Resources */,
				3F7E559E439837CFBA6C356A /* [CP] Embed Pods Frameworks */,
			);
			buildRules = (
			);
			dependencies = (
			);
			name = "SDK-Sample";
			productName = "SDK-Sample";
			productReference = 410F5205299A74DD000D2390 /* SDK-Sample.app */;
			productType = "com.apple.product-type.application";
		};
/* End PBXNativeTarget section */

/* Begin PBXProject section */
		410F51FD299A74DD000D2390 /* Project object */ = {
			isa = PBXProject;
			attributes = {
				BuildIndependentTargetsInParallel = 1;
				LastSwiftUpdateCheck = 1420;
				LastUpgradeCheck = 1420;
				TargetAttributes = {
					410F5204299A74DD000D2390 = {
						CreatedOnToolsVersion = 14.2;
					};
				};
			};
			buildConfigurationList = 410F5200299A74DD000D2390 /* Build configuration list for PBXProject "SDK-Sample" */;
			compatibilityVersion = "Xcode 14.0";
			developmentRegion = en;
			hasScannedForEncodings = 0;
			knownRegions = (
				en,
				Base,
			);
			mainGroup = 410F51FC299A74DD000D2390;
			productRefGroup = 410F5206299A74DD000D2390 /* Products */;
			projectDirPath = "";
			projectRoot = "";
			targets = (
				410F5204299A74DD000D2390 /* SDK-Sample */,
			);
		};
/* End PBXProject section */

/* Begin PBXResourcesBuildPhase section */
		410F5203299A74DD000D2390 /* Resources */ = {
			isa = PBXResourcesBuildPhase;
			buildActionMask = 2147483647;
			files = (
				410F5210299A74DF000D2390 /* Preview Assets.xcassets in Resources */,
				410F520D299A74DF000D2390 /* Assets.xcassets in Resources */,
			);
			runOnlyForDeploymentPostprocessing = 0;
		};
/* End PBXResourcesBuildPhase section */

/* Begin PBXShellScriptBuildPhase section */
		35CD778D0E5047EFD7C36482 /* [CP] Check Pods Manifest.lock */ = {
			isa = PBXShellScriptBuildPhase;
			buildActionMask = 2147483647;
			files = (
			);
			inputFileListPaths = (
			);
			inputPaths = (
				"${PODS_PODFILE_DIR_PATH}/Podfile.lock",
				"${PODS_ROOT}/Manifest.lock",
			);
			name = "[CP] Check Pods Manifest.lock";
			outputFileListPaths = (
			);
			outputPaths = (
				"$(DERIVED_FILE_DIR)/Pods-SDK-Sample-checkManifestLockResult.txt",
			);
			runOnlyForDeploymentPostprocessing = 0;
			shellPath = /bin/sh;
			shellScript = "diff \"${PODS_PODFILE_DIR_PATH}/Podfile.lock\" \"${PODS_ROOT}/Manifest.lock\" > /dev/null\nif [ $? != 0 ] ; then\n    # print error to STDERR\n    echo \"error: The sandbox is not in sync with the Podfile.lock. Run 'pod install' or update your CocoaPods installation.\" >&2\n    exit 1\nfi\n# This output is used by Xcode 'outputs' to avoid re-running this script phase.\necho \"SUCCESS\" > \"${SCRIPT_OUTPUT_FILE_0}\"\n";
			showEnvVarsInLog = 0;
		};
		3F7E559E439837CFBA6C356A /* [CP] Embed Pods Frameworks */ = {
			isa = PBXShellScriptBuildPhase;
			buildActionMask = 2147483647;
			files = (
			);
			inputFileListPaths = (
				"${PODS_ROOT}/Target Support Files/Pods-SDK-Sample/Pods-SDK-Sample-frameworks-${CONFIGURATION}-input-files.xcfilelist",
			);
			name = "[CP] Embed Pods Frameworks";
			outputFileListPaths = (
				"${PODS_ROOT}/Target Support Files/Pods-SDK-Sample/Pods-SDK-Sample-frameworks-${CONFIGURATION}-output-files.xcfilelist",
			);
			runOnlyForDeploymentPostprocessing = 0;
			shellPath = /bin/sh;
			shellScript = "\"${PODS_ROOT}/Target Support Files/Pods-SDK-Sample/Pods-SDK-Sample-frameworks.sh\"\n";
			showEnvVarsInLog = 0;
		};
/* End PBXShellScriptBuildPhase section */

/* Begin PBXSourcesBuildPhase section */
		410F5201299A74DD000D2390 /* Sources */ = {
			isa = PBXSourcesBuildPhase;
			buildActionMask = 2147483647;
			files = (
				410F520B299A74DD000D2390 /* ContentView.swift in Sources */,
				4143954F29FACAEE003CF195 /* ViewModel.swift in Sources */,
				410423E52A7D053C00606F6A /* CarPlaySceneDelegate.swift in Sources */,
				410F5209299A74DD000D2390 /* SDK_SampleApp.swift in Sources */,
			);
			runOnlyForDeploymentPostprocessing = 0;
		};
/* End PBXSourcesBuildPhase section */

/* Begin XCBuildConfiguration section */
		410F5211299A74DF000D2390 /* Debug */ = {
			isa = XCBuildConfiguration;
			buildSettings = {
				ALWAYS_SEARCH_USER_PATHS = NO;
				CLANG_ANALYZER_NONNULL = YES;
				CLANG_ANALYZER_NUMBER_OBJECT_CONVERSION = YES_AGGRESSIVE;
				CLANG_CXX_LANGUAGE_STANDARD = "gnu++20";
				CLANG_ENABLE_MODULES = YES;
				CLANG_ENABLE_OBJC_ARC = YES;
				CLANG_ENABLE_OBJC_WEAK = YES;
				CLANG_WARN_BLOCK_CAPTURE_AUTORELEASING = YES;
				CLANG_WARN_BOOL_CONVERSION = YES;
				CLANG_WARN_COMMA = YES;
				CLANG_WARN_CONSTANT_CONVERSION = YES;
				CLANG_WARN_DEPRECATED_OBJC_IMPLEMENTATIONS = YES;
				CLANG_WARN_DIRECT_OBJC_ISA_USAGE = YES_ERROR;
				CLANG_WARN_DOCUMENTATION_COMMENTS = YES;
				CLANG_WARN_EMPTY_BODY = YES;
				CLANG_WARN_ENUM_CONVERSION = YES;
				CLANG_WARN_INFINITE_RECURSION = YES;
				CLANG_WARN_INT_CONVERSION = YES;
				CLANG_WARN_NON_LITERAL_NULL_CONVERSION = YES;
				CLANG_WARN_OBJC_IMPLICIT_RETAIN_SELF = YES;
				CLANG_WARN_OBJC_LITERAL_CONVERSION = YES;
				CLANG_WARN_OBJC_ROOT_CLASS = YES_ERROR;
				CLANG_WARN_QUOTED_INCLUDE_IN_FRAMEWORK_HEADER = YES;
				CLANG_WARN_RANGE_LOOP_ANALYSIS = YES;
				CLANG_WARN_STRICT_PROTOTYPES = YES;
				CLANG_WARN_SUSPICIOUS_MOVE = YES;
				CLANG_WARN_UNGUARDED_AVAILABILITY = YES_AGGRESSIVE;
				CLANG_WARN_UNREACHABLE_CODE = YES;
				CLANG_WARN__DUPLICATE_METHOD_MATCH = YES;
				COPY_PHASE_STRIP = NO;
				DEBUG_INFORMATION_FORMAT = dwarf;
				ENABLE_STRICT_OBJC_MSGSEND = YES;
				ENABLE_TESTABILITY = YES;
				GCC_C_LANGUAGE_STANDARD = gnu11;
				GCC_DYNAMIC_NO_PIC = NO;
				GCC_NO_COMMON_BLOCKS = YES;
				GCC_OPTIMIZATION_LEVEL = 0;
				GCC_PREPROCESSOR_DEFINITIONS = (
					"DEBUG=1",
					"$(inherited)",
				);
				GCC_WARN_64_TO_32_BIT_CONVERSION = YES;
				GCC_WARN_ABOUT_RETURN_TYPE = YES_ERROR;
				GCC_WARN_UNDECLARED_SELECTOR = YES;
				GCC_WARN_UNINITIALIZED_AUTOS = YES_AGGRESSIVE;
				GCC_WARN_UNUSED_FUNCTION = YES;
				GCC_WARN_UNUSED_VARIABLE = YES;
				IPHONEOS_DEPLOYMENT_TARGET = 14.0;
				MTL_ENABLE_DEBUG_INFO = INCLUDE_SOURCE;
				MTL_FAST_MATH = YES;
				ONLY_ACTIVE_ARCH = YES;
				SDKROOT = iphoneos;
				SWIFT_ACTIVE_COMPILATION_CONDITIONS = DEBUG;
				SWIFT_OPTIMIZATION_LEVEL = "-Onone";
			};
			name = Debug;
		};
		410F5212299A74DF000D2390 /* Release */ = {
			isa = XCBuildConfiguration;
			buildSettings = {
				ALWAYS_SEARCH_USER_PATHS = NO;
				CLANG_ANALYZER_NONNULL = YES;
				CLANG_ANALYZER_NUMBER_OBJECT_CONVERSION = YES_AGGRESSIVE;
				CLANG_CXX_LANGUAGE_STANDARD = "gnu++20";
				CLANG_ENABLE_MODULES = YES;
				CLANG_ENABLE_OBJC_ARC = YES;
				CLANG_ENABLE_OBJC_WEAK = YES;
				CLANG_WARN_BLOCK_CAPTURE_AUTORELEASING = YES;
				CLANG_WARN_BOOL_CONVERSION = YES;
				CLANG_WARN_COMMA = YES;
				CLANG_WARN_CONSTANT_CONVERSION = YES;
				CLANG_WARN_DEPRECATED_OBJC_IMPLEMENTATIONS = YES;
				CLANG_WARN_DIRECT_OBJC_ISA_USAGE = YES_ERROR;
				CLANG_WARN_DOCUMENTATION_COMMENTS = YES;
				CLANG_WARN_EMPTY_BODY = YES;
				CLANG_WARN_ENUM_CONVERSION = YES;
				CLANG_WARN_INFINITE_RECURSION = YES;
				CLANG_WARN_INT_CONVERSION = YES;
				CLANG_WARN_NON_LITERAL_NULL_CONVERSION = YES;
				CLANG_WARN_OBJC_IMPLICIT_RETAIN_SELF = YES;
				CLANG_WARN_OBJC_LITERAL_CONVERSION = YES;
				CLANG_WARN_OBJC_ROOT_CLASS = YES_ERROR;
				CLANG_WARN_QUOTED_INCLUDE_IN_FRAMEWORK_HEADER = YES;
				CLANG_WARN_RANGE_LOOP_ANALYSIS = YES;
				CLANG_WARN_STRICT_PROTOTYPES = YES;
				CLANG_WARN_SUSPICIOUS_MOVE = YES;
				CLANG_WARN_UNGUARDED_AVAILABILITY = YES_AGGRESSIVE;
				CLANG_WARN_UNREACHABLE_CODE = YES;
				CLANG_WARN__DUPLICATE_METHOD_MATCH = YES;
				COPY_PHASE_STRIP = NO;
				DEBUG_INFORMATION_FORMAT = "dwarf-with-dsym";
				ENABLE_NS_ASSERTIONS = NO;
				ENABLE_STRICT_OBJC_MSGSEND = YES;
				GCC_C_LANGUAGE_STANDARD = gnu11;
				GCC_NO_COMMON_BLOCKS = YES;
				GCC_WARN_64_TO_32_BIT_CONVERSION = YES;
				GCC_WARN_ABOUT_RETURN_TYPE = YES_ERROR;
				GCC_WARN_UNDECLARED_SELECTOR = YES;
				GCC_WARN_UNINITIALIZED_AUTOS = YES_AGGRESSIVE;
				GCC_WARN_UNUSED_FUNCTION = YES;
				GCC_WARN_UNUSED_VARIABLE = YES;
				IPHONEOS_DEPLOYMENT_TARGET = 14.0;
				MTL_ENABLE_DEBUG_INFO = NO;
				MTL_FAST_MATH = YES;
				SDKROOT = iphoneos;
				SWIFT_COMPILATION_MODE = wholemodule;
				SWIFT_OPTIMIZATION_LEVEL = "-O";
				VALIDATE_PRODUCT = YES;
			};
			name = Release;
		};
		410F5214299A74DF000D2390 /* Debug */ = {
			isa = XCBuildConfiguration;
			baseConfigurationReference = 9EC859A8067ECDF3568FB526 /* Pods-SDK-Sample.debug.xcconfig */;
			buildSettings = {
				ASSETCATALOG_COMPILER_APPICON_NAME = AppIcon;
				ASSETCATALOG_COMPILER_GLOBAL_ACCENT_COLOR_NAME = AccentColor;
				CODE_SIGN_ENTITLEMENTS = "SDK-Sample/SDK-Sample.entitlements";
				CODE_SIGN_STYLE = Automatic;
				CURRENT_PROJECT_VERSION = 11;
				DEVELOPMENT_ASSET_PATHS = "\"SDK-Sample/Preview Content\"";
				DEVELOPMENT_TEAM = QWCYBV647W;
				ENABLE_PREVIEWS = YES;
				GENERATE_INFOPLIST_FILE = YES;
				INFOPLIST_FILE = "SDK-Sample/Info.plist";
				INFOPLIST_KEY_UIApplicationSceneManifest_Generation = YES;
				INFOPLIST_KEY_UIApplicationSupportsIndirectInputEvents = YES;
				INFOPLIST_KEY_UILaunchScreen_Generation = YES;
				INFOPLIST_KEY_UIRequiresFullScreen = YES;
				INFOPLIST_KEY_UISupportedInterfaceOrientations = UIInterfaceOrientationPortrait;
				IPHONEOS_DEPLOYMENT_TARGET = 14.0;
				LD_RUNPATH_SEARCH_PATHS = (
					"$(inherited)",
					"@executable_path/Frameworks",
				);
				MARKETING_VERSION = 1.0;
				PRODUCT_BUNDLE_IDENTIFIER = "com.saooti.SDK-Sample";
				PRODUCT_NAME = "$(TARGET_NAME)";
				SWIFT_EMIT_LOC_STRINGS = YES;
				SWIFT_VERSION = 5.0;
				TARGETED_DEVICE_FAMILY = "1,2";
			};
			name = Debug;
		};
		410F5215299A74DF000D2390 /* Release */ = {
			isa = XCBuildConfiguration;
			baseConfigurationReference = D20B6F57638F71946F316C3E /* Pods-SDK-Sample.release.xcconfig */;
			buildSettings = {
				ASSETCATALOG_COMPILER_APPICON_NAME = AppIcon;
				ASSETCATALOG_COMPILER_GLOBAL_ACCENT_COLOR_NAME = AccentColor;
				CODE_SIGN_ENTITLEMENTS = "SDK-Sample/SDK-Sample.entitlements";
				CODE_SIGN_STYLE = Automatic;
				CURRENT_PROJECT_VERSION = 11;
				DEVELOPMENT_ASSET_PATHS = "\"SDK-Sample/Preview Content\"";
				DEVELOPMENT_TEAM = QWCYBV647W;
				ENABLE_PREVIEWS = YES;
				GENERATE_INFOPLIST_FILE = YES;
				INFOPLIST_FILE = "SDK-Sample/Info.plist";
				INFOPLIST_KEY_UIApplicationSceneManifest_Generation = YES;
				INFOPLIST_KEY_UIApplicationSupportsIndirectInputEvents = YES;
				INFOPLIST_KEY_UILaunchScreen_Generation = YES;
				INFOPLIST_KEY_UIRequiresFullScreen = YES;
				INFOPLIST_KEY_UISupportedInterfaceOrientations = UIInterfaceOrientationPortrait;
				IPHONEOS_DEPLOYMENT_TARGET = 14.0;
				LD_RUNPATH_SEARCH_PATHS = (
					"$(inherited)",
					"@executable_path/Frameworks",
				);
				MARKETING_VERSION = 1.0;
				PRODUCT_BUNDLE_IDENTIFIER = "com.saooti.SDK-Sample";
				PRODUCT_NAME = "$(TARGET_NAME)";
				SWIFT_EMIT_LOC_STRINGS = YES;
				SWIFT_VERSION = 5.0;
				TARGETED_DEVICE_FAMILY = "1,2";
			};
			name = Release;
		};
/* End XCBuildConfiguration section */

/* Begin XCConfigurationList section */
		410F5200299A74DD000D2390 /* Build configuration list for PBXProject "SDK-Sample" */ = {
			isa = XCConfigurationList;
			buildConfigurations = (
				410F5211299A74DF000D2390 /* Debug */,
				410F5212299A74DF000D2390 /* Release */,
			);
			defaultConfigurationIsVisible = 0;
			defaultConfigurationName = Release;
		};
		410F5213299A74DF000D2390 /* Build configuration list for PBXNativeTarget "SDK-Sample" */ = {
			isa = XCConfigurationList;
			buildConfigurations = (
				410F5214299A74DF000D2390 /* Debug */,
				410F5215299A74DF000D2390 /* Release */,
			);
			defaultConfigurationIsVisible = 0;
			defaultConfigurationName = Release;
		};
/* End XCConfigurationList section */
	};
	rootObject = 410F51FD299A74DD000D2390 /* Project object */;
}
